// !$*UTF8*$!
{
	archiveVersion = 1;
	classes = {
	};
	objectVersion = 46;
	objects = {

/* Begin PBXBuildFile section */
		05A9C8621F5ABB57002163F3 /* AppDelegate.swift in Sources */ = {isa = PBXBuildFile; fileRef = 05A9C8611F5ABB57002163F3 /* AppDelegate.swift */; };
		05A9C8641F5ABB57002163F3 /* ViewController.swift in Sources */ = {isa = PBXBuildFile; fileRef = 05A9C8631F5ABB57002163F3 /* ViewController.swift */; };
		05A9C8671F5ABB57002163F3 /* Main.storyboard in Resources */ = {isa = PBXBuildFile; fileRef = 05A9C8651F5ABB57002163F3 /* Main.storyboard */; };
		05A9C8691F5ABB57002163F3 /* Assets.xcassets in Resources */ = {isa = PBXBuildFile; fileRef = 05A9C8681F5ABB57002163F3 /* Assets.xcassets */; };
		05A9C86C1F5ABB57002163F3 /* LaunchScreen.storyboard in Resources */ = {isa = PBXBuildFile; fileRef = 05A9C86A1F5ABB57002163F3 /* LaunchScreen.storyboard */; };
		05A9C8751F5ABC14002163F3 /* MapKit.framework in Frameworks */ = {isa = PBXBuildFile; fileRef = 05A9C8741F5ABC14002163F3 /* MapKit.framework */; };
		05A9C8771F5ABC79002163F3 /* ViewPoint.swift in Sources */ = {isa = PBXBuildFile; fileRef = 05A9C8761F5ABC79002163F3 /* ViewPoint.swift */; };
/* End PBXBuildFile section */

/* Begin PBXFileReference section */
		05A9C85E1F5ABB57002163F3 /* MultiPinMap.app */ = {isa = PBXFileReference; explicitFileType = wrapper.application; includeInIndex = 0; path = MultiPinMap.app; sourceTree = BUILT_PRODUCTS_DIR; };
		05A9C8611F5ABB57002163F3 /* AppDelegate.swift */ = {isa = PBXFileReference; lastKnownFileType = sourcecode.swift; path = AppDelegate.swift; sourceTree = "<group>"; };
		05A9C8631F5ABB57002163F3 /* ViewController.swift */ = {isa = PBXFileReference; lastKnownFileType = sourcecode.swift; path = ViewController.swift; sourceTree = "<group>"; };
		05A9C8661F5ABB57002163F3 /* Base */ = {isa = PBXFileReference; lastKnownFileType = file.storyboard; name = Base; path = Base.lproj/Main.storyboard; sourceTree = "<group>"; };
		05A9C8681F5ABB57002163F3 /* Assets.xcassets */ = {isa = PBXFileReference; lastKnownFileType = folder.assetcatalog; path = Assets.xcassets; sourceTree = "<group>"; };
		05A9C86B1F5ABB57002163F3 /* Base */ = {isa = PBXFileReference; lastKnownFileType = file.storyboard; name = Base; path = Base.lproj/LaunchScreen.storyboard; sourceTree = "<group>"; };
		05A9C86D1F5ABB57002163F3 /* Info.plist */ = {isa = PBXFileReference; lastKnownFileType = text.plist.xml; path = Info.plist; sourceTree = "<group>"; };
		05A9C8741F5ABC14002163F3 /* MapKit.framework */ = {isa = PBXFileReference; lastKnownFileType = wrapper.framework; name = MapKit.framework; path = System/Library/Frameworks/MapKit.framework; sourceTree = SDKROOT; };
		05A9C8761F5ABC79002163F3 /* ViewPoint.swift */ = {isa = PBXFileReference; fileEncoding = 4; lastKnownFileType = sourcecode.swift; path = ViewPoint.swift; sourceTree = "<group>"; };
/* End PBXFileReference section */

/* Begin PBXFrameworksBuildPhase section */
		05A9C85B1F5ABB57002163F3 /* Frameworks */ = {
			isa = PBXFrameworksBuildPhase;
			buildActionMask = 2147483647;
			files = (
				05A9C8751F5ABC14002163F3 /* MapKit.framework in Frameworks */,
			);
			runOnlyForDeploymentPostprocessing = 0;
		};
/* End PBXFrameworksBuildPhase section */

/* Begin PBXGroup section */
		05A9C8551F5ABB57002163F3 = {
			isa = PBXGroup;
			children = (
				05A9C8601F5ABB57002163F3 /* MultiPinMap */,
				05A9C85F1F5ABB57002163F3 /* Products */,
				05A9C8731F5ABC14002163F3 /* Frameworks */,
			);
			sourceTree = "<group>";
		};
		05A9C85F1F5ABB57002163F3 /* Products */ = {
			isa = PBXGroup;
			children = (
				05A9C85E1F5ABB57002163F3 /* MultiPinMap.app */,
			);
			name = Products;
			sourceTree = "<group>";
		};
		05A9C8601F5ABB57002163F3 /* MultiPinMap */ = {
			isa = PBXGroup;
			children = (
				05A9C8611F5ABB57002163F3 /* AppDelegate.swift */,
				05A9C8631F5ABB57002163F3 /* ViewController.swift */,
				05A9C8761F5ABC79002163F3 /* ViewPoint.swift */,
				05A9C8651F5ABB57002163F3 /* Main.storyboard */,
				05A9C8681F5ABB57002163F3 /* Assets.xcassets */,
				05A9C86A1F5ABB57002163F3 /* LaunchScreen.storyboard */,
				05A9C86D1F5ABB57002163F3 /* Info.plist */,
			);
			path = MultiPinMap;
			sourceTree = "<group>";
		};
		05A9C8731F5ABC14002163F3 /* Frameworks */ = {
			isa = PBXGroup;
			children = (
				05A9C8741F5ABC14002163F3 /* MapKit.framework */,
			);
			name = Frameworks;
			sourceTree = "<group>";
		};
/* End PBXGroup section */

/* Begin PBXNativeTarget section */
		05A9C85D1F5ABB57002163F3 /* MultiPinMap */ = {
			isa = PBXNativeTarget;
			buildConfigurationList = 05A9C8701F5ABB57002163F3 /* Build configuration list for PBXNativeTarget "MultiPinMap" */;
			buildPhases = (
				05A9C85A1F5ABB57002163F3 /* Sources */,
				05A9C85B1F5ABB57002163F3 /* Frameworks */,
				05A9C85C1F5ABB57002163F3 /* Resources */,
			);
			buildRules = (
			);
			dependencies = (
			);
			name = MultiPinMap;
			productName = MultiPinMap;
			productReference = 05A9C85E1F5ABB57002163F3 /* MultiPinMap.app */;
			productType = "com.apple.product-type.application";
		};
/* End PBXNativeTarget section */

/* Begin PBXProject section */
		05A9C8561F5ABB57002163F3 /* Project object */ = {
			isa = PBXProject;
			attributes = {
				LastSwiftUpdateCheck = 0830;
				LastUpgradeCheck = 0830;
				ORGANIZATIONNAME = "김종현";
				TargetAttributes = {
					05A9C85D1F5ABB57002163F3 = {
						CreatedOnToolsVersion = 8.3.3;
						DevelopmentTeam = UQ37D35Z4Z;
						ProvisioningStyle = Automatic;
					};
				};
			};
			buildConfigurationList = 05A9C8591F5ABB57002163F3 /* Build configuration list for PBXProject "MultiPinMap" */;
			compatibilityVersion = "Xcode 3.2";
			developmentRegion = English;
			hasScannedForEncodings = 0;
			knownRegions = (
				en,
				Base,
			);
			mainGroup = 05A9C8551F5ABB57002163F3;
			productRefGroup = 05A9C85F1F5ABB57002163F3 /* Products */;
			projectDirPath = "";
			projectRoot = "";
			targets = (
				05A9C85D1F5ABB57002163F3 /* MultiPinMap */,
			);
		};
/* End PBXProject section */

/* Begin PBXResourcesBuildPhase section */
		05A9C85C1F5ABB57002163F3 /* Resources */ = {
			isa = PBXResourcesBuildPhase;
			buildActionMask = 2147483647;
			files = (
				05A9C86C1F5ABB57002163F3 /* LaunchScreen.storyboard in Resources */,
				05A9C8691F5ABB57002163F3 /* Assets.xcassets in Resources */,
				05A9C8671F5ABB57002163F3 /* Main.storyboard in Resources */,
			);
			runOnlyForDeploymentPostprocessing = 0;
		};
/* End PBXResourcesBuildPhase section */

/* Begin PBXSourcesBuildPhase section */
		05A9C85A1F5ABB57002163F3 /* Sources */ = {
			isa = PBXSourcesBuildPhase;
			buildActionMask = 2147483647;
			files = (
				05A9C8641F5ABB57002163F3 /* ViewController.swift in Sources */,
				05A9C8771F5ABC79002163F3 /* ViewPoint.swift in Sources */,
				05A9C8621F5ABB57002163F3 /* AppDelegate.swift in Sources */,
			);
			runOnlyForDeploymentPostprocessing = 0;
		};
/* End PBXSourcesBuildPhase section */

/* Begin PBXVariantGroup section */
		05A9C8651F5ABB57002163F3 /* Main.storyboard */ = {
			isa = PBXVariantGroup;
			children = (
				05A9C8661F5ABB57002163F3 /* Base */,
			);
			name = Main.storyboard;
			sourceTree = "<group>";
		};
		05A9C86A1F5ABB57002163F3 /* LaunchScreen.storyboard */ = {
			isa = PBXVariantGroup;
			children = (
				05A9C86B1F5ABB57002163F3 /* Base */,
			);
			name = LaunchScreen.storyboard;
			sourceTree = "<group>";
		};
/* End PBXVariantGroup section */

/* Begin XCBuildConfiguration section */
		05A9C86E1F5ABB57002163F3 /* Debug */ = {
			isa = XCBuildConfiguration;
			buildSettings = {
				ALWAYS_SEARCH_USER_PATHS = NO;
				CLANG_ANALYZER_NONNULL = YES;
				CLANG_ANALYZER_NUMBER_OBJECT_CONVERSION = YES_AGGRESSIVE;
				CLANG_CXX_LANGUAGE_STANDARD = "gnu++0x";
				CLANG_CXX_LIBRARY = "libc++";
				CLANG_ENABLE_MODULES = YES;
				CLANG_ENABLE_OBJC_ARC = YES;
				CLANG_WARN_BOOL_CONVERSION = YES;
				CLANG_WARN_CONSTANT_CONVERSION = YES;
				CLANG_WARN_DIRECT_OBJC_ISA_USAGE = YES_ERROR;
				CLANG_WARN_DOCUMENTATION_COMMENTS = YES;
				CLANG_WARN_EMPTY_BODY = YES;
				CLANG_WARN_ENUM_CONVERSION = YES;
				CLANG_WARN_INFINITE_RECURSION = YES;
				CLANG_WARN_INT_CONVERSION = YES;
				CLANG_WARN_OBJC_ROOT_CLASS = YES_ERROR;
				CLANG_WARN_SUSPICIOUS_MOVE = YES;
				CLANG_WARN_UNREACHABLE_CODE = YES;
				CLANG_WARN__DUPLICATE_METHOD_MATCH = YES;
				"CODE_SIGN_IDENTITY[sdk=iphoneos*]" = "iPhone Developer";
				COPY_PHASE_STRIP = NO;
				DEBUG_INFORMATION_FORMAT = dwarf;
				ENABLE_STRICT_OBJC_MSGSEND = YES;
				ENABLE_TESTABILITY = YES;
				GCC_C_LANGUAGE_STANDARD = gnu99;
				GCC_DYNAMIC_NO_PIC = NO;
				GCC_NO_COMMON_BLOCKS = YES;
				GCC_OPTIMIZATION_LEVEL = 0;
				GCC_PREPROCESSOR_DEFINITIONS = (
					"DEBUG=1",
					"$(inherited)",
				);
				GCC_WARN_64_TO_32_BIT_CONVERSION = YES;
				GCC_WARN_ABOUT_RETURN_TYPE = YES_ERROR;
				GCC_WARN_UNDECLARED_SELECTOR = YES;
				GCC_WARN_UNINITIALIZED_AUTOS = YES_AGGRESSIVE;
				GCC_WARN_UNUSED_FUNCTION = YES;
				GCC_WARN_UNUSED_VARIABLE = YES;
				IPHONEOS_DEPLOYMENT_TARGET = 10.3;
				MTL_ENABLE_DEBUG_INFO = YES;
				ONLY_ACTIVE_ARCH = YES;
				SDKROOT = iphoneos;
				SWIFT_ACTIVE_COMPILATION_CONDITIONS = DEBUG;
				SWIFT_OPTIMIZATION_LEVEL = "-Onone";
			};
			name = Debug;
		};
		05A9C86F1F5ABB57002163F3 /* Release */ = {
			isa = XCBuildConfiguration;
			buildSettings = {
				ALWAYS_SEARCH_USER_PATHS = NO;
				CLANG_ANALYZER_NONNULL = YES;
				CLANG_ANALYZER_NUMBER_OBJECT_CONVERSION = YES_AGGRESSIVE;
				CLANG_CXX_LANGUAGE_STANDARD = "gnu++0x";
				CLANG_CXX_LIBRARY = "libc++";
				CLANG_ENABLE_MODULES = YES;
				CLANG_ENABLE_OBJC_ARC = YES;
				CLANG_WARN_BOOL_CONVERSION = YES;
				CLANG_WARN_CONSTANT_CONVERSION = YES;
				CLANG_WARN_DIRECT_OBJC_ISA_USAGE = YES_ERROR;
				CLANG_WARN_DOCUMENTATION_COMMENTS = YES;
				CLANG_WARN_EMPTY_BODY = YES;
				CLANG_WARN_ENUM_CONVERSION = YES;
				CLANG_WARN_INFINITE_RECURSION = YES;
				CLANG_WARN_INT_CONVERSION = YES;
				CLANG_WARN_OBJC_ROOT_CLASS = YES_ERROR;
				CLANG_WARN_SUSPICIOUS_MOVE = YES;
				CLANG_WARN_UNREACHABLE_CODE = YES;
				CLANG_WARN__DUPLICATE_METHOD_MATCH = YES;
				"CODE_SIGN_IDENTITY[sdk=iphoneos*]" = "iPhone Developer";
				COPY_PHASE_STRIP = NO;
				DEBUG_INFORMATION_FORMAT = "dwarf-with-dsym";
				ENABLE_NS_ASSERTIONS = NO;
				ENABLE_STRICT_OBJC_MSGSEND = YES;
				GCC_C_LANGUAGE_STANDARD = gnu99;
				GCC_NO_COMMON_BLOCKS = YES;
				GCC_WARN_64_TO_32_BIT_CONVERSION = YES;
				GCC_WARN_ABOUT_RETURN_TYPE = YES_ERROR;
				GCC_WARN_UNDECLARED_SELECTOR = YES;
				GCC_WARN_UNINITIALIZED_AUTOS = YES_AGGRESSIVE;
				GCC_WARN_UNUSED_FUNCTION = YES;
				GCC_WARN_UNUSED_VARIABLE = YES;
				IPHONEOS_DEPLOYMENT_TARGET = 10.3;
				MTL_ENABLE_DEBUG_INFO = NO;
				SDKROOT = iphoneos;
				SWIFT_OPTIMIZATION_LEVEL = "-Owholemodule";
				VALIDATE_PRODUCT = YES;
			};
			name = Release;
		};
		05A9C8711F5ABB57002163F3 /* Debug */ = {
			isa = XCBuildConfiguration;
			buildSettings = {
				ASSETCATALOG_COMPILER_APPICON_NAME = AppIcon;
				DEVELOPMENT_TEAM = UQ37D35Z4Z;
				INFOPLIST_FILE = MultiPinMap/Info.plist;
				LD_RUNPATH_SEARCH_PATHS = "$(inherited) @executable_path/Frameworks";
				PRODUCT_BUNDLE_IDENTIFIER = kr.ac.ditapps.MultiPinMap;
				PRODUCT_NAME = "$(TARGET_NAME)";
				SWIFT_VERSION = 3.0;
			};
			name = Debug;
		};
		05A9C8721F5ABB57002163F3 /* Release */ = {
			isa = XCBuildConfiguration;
			buildSettings = {
				ASSETCATALOG_COMPILER_APPICON_NAME = AppIcon;
				DEVELOPMENT_TEAM = UQ37D35Z4Z;
				INFOPLIST_FILE = MultiPinMap/Info.plist;
				LD_RUNPATH_SEARCH_PATHS = "$(inherited) @executable_path/Frameworks";
				PRODUCT_BUNDLE_IDENTIFIER = kr.ac.ditapps.MultiPinMap;
				PRODUCT_NAME = "$(TARGET_NAME)";
				SWIFT_VERSION = 3.0;
			};
			name = Release;
		};
/* End XCBuildConfiguration section */

/* Begin XCConfigurationList section */
		05A9C8591F5ABB57002163F3 /* Build configuration list for PBXProject "MultiPinMap" */ = {
			isa = XCConfigurationList;
			buildConfigurations = (
				05A9C86E1F5ABB57002163F3 /* Debug */,
				05A9C86F1F5ABB57002163F3 /* Release */,
			);
			defaultConfigurationIsVisible = 0;
			defaultConfigurationName = Release;
		};
		05A9C8701F5ABB57002163F3 /* Build configuration list for PBXNativeTarget "MultiPinMap" */ = {
			isa = XCConfigurationList;
			buildConfigurations = (
				05A9C8711F5ABB57002163F3 /* Debug */,
				05A9C8721F5ABB57002163F3 /* Release */,
			);
			defaultConfigurationIsVisible = 0;
		};
/* End XCConfigurationList section */
	};
	rootObject = 05A9C8561F5ABB57002163F3 /* Project object */;
}
